
Microsoft Visual Studio Solution File, Format Version 12.00
# Visual Studio Version 16
VisualStudioVersion = 16.0.29609.76
MinimumVisualStudioVersion = 10.0.40219.1
Project("{9A19103F-16F7-4668-BE54-9A1E7A4F7556}") = "Service.Template.Instance", "Sources\Service.Template.Instance\Service.Template.Instance.csproj", "{87AF7717-995D-43EA-A0F5-8302678D8BD9}"
EndProject
Project("{2150E333-8FDC-42A3-9474-1A3956D46DE8}") = "Sources", "Sources", "{E4B1F4BA-255E-4460-A7D2-E2E6CD8A8F6D}"
EndProject
Project("{9A19103F-16F7-4668-BE54-9A1E7A4F7556}") = "Service.Template.ComponentTests", "Tests\Service.Template.ComponentTests\Service.Template.ComponentTests.csproj", "{EA1C1EB4-331A-4F6F-91C7-D5B0518DD1EC}"
EndProject
Project("{2150E333-8FDC-42A3-9474-1A3956D46DE8}") = "Tests", "Tests", "{9BE853EF-A484-42C2-908E-6895824D61EB}"
EndProject
Project("{2150E333-8FDC-42A3-9474-1A3956D46DE8}") = "Solution Items", "Solution Items", "{6170BC1C-5A60-4FB0-B61E-7944E69DBB9F}"
	ProjectSection(SolutionItems) = preProject
		.gitignore = .gitignore
		build.cake = build.cake
		build.ps1 = build.ps1
		README.md = README.md
		RELEASE_NOTES.md = RELEASE_NOTES.md
		stylecop.json = stylecop.json
		stylecop.ruleset = stylecop.ruleset
		template.package = template.package
	EndProjectSection
EndProject
Project("{9A19103F-16F7-4668-BE54-9A1E7A4F7556}") = "Service.Template.Instance.Tests", "Tests\Service.Template.Instance.Tests\Service.Template.Instance.Tests.csproj", "{1DCEFFC3-0FC5-4D05-8EAC-5F2FCAA7E9D6}"
EndProject
Project("{2150E333-8FDC-42A3-9474-1A3956D46DE8}") = ".template.config", ".template.config", "{99345A4F-9548-42F6-80C2-92331F4A7388}"
	ProjectSection(SolutionItems) = preProject
		.template.config\template.json = .template.config\template.json
	EndProjectSection
EndProject
Project("{9A19103F-16F7-4668-BE54-9A1E7A4F7556}") = "Service.Template.Core", "Sources\Service.Template.Core\Service.Template.Core.csproj", "{C10A9A36-131B-4705-AFB5-228A847D420E}"
EndProject
Project("{9A19103F-16F7-4668-BE54-9A1E7A4F7556}") = "Service.Template.Data", "Sources\Service.Template.Data\Service.Template.Data.csproj", "{C00DAB5C-6CA1-48C8-8DE9-0C91DD51C784}"
EndProject
Project("{9A19103F-16F7-4668-BE54-9A1E7A4F7556}") = "Service.Template.Consumers", "Sources\Service.Template.Consumers\Service.Template.Consumers.csproj", "{2B795027-AED6-4F72-996D-2B0DA49D0BF3}"
EndProject
Project("{9A19103F-16F7-4668-BE54-9A1E7A4F7556}") = "Service.Template.WebApi", "Sources\Service.Template.WebApi\Service.Template.WebApi.csproj", "{2FD3E233-7274-4197-BE5A-1300FB5F4CFF}"
EndProject
Global
	GlobalSection(SolutionConfigurationPlatforms) = preSolution
		Debug|Any CPU = Debug|Any CPU
		Release|Any CPU = Release|Any CPU
	EndGlobalSection
	GlobalSection(ProjectConfigurationPlatforms) = postSolution
		{87AF7717-995D-43EA-A0F5-8302678D8BD9}.Debug|Any CPU.ActiveCfg = Debug|Any CPU
		{87AF7717-995D-43EA-A0F5-8302678D8BD9}.Debug|Any CPU.Build.0 = Debug|Any CPU
		{87AF7717-995D-43EA-A0F5-8302678D8BD9}.Release|Any CPU.ActiveCfg = Release|Any CPU
		{87AF7717-995D-43EA-A0F5-8302678D8BD9}.Release|Any CPU.Build.0 = Release|Any CPU
		{EA1C1EB4-331A-4F6F-91C7-D5B0518DD1EC}.Debug|Any CPU.ActiveCfg = Debug|Any CPU
		{EA1C1EB4-331A-4F6F-91C7-D5B0518DD1EC}.Debug|Any CPU.Build.0 = Debug|Any CPU
		{EA1C1EB4-331A-4F6F-91C7-D5B0518DD1EC}.Release|Any CPU.ActiveCfg = Release|Any CPU
		{EA1C1EB4-331A-4F6F-91C7-D5B0518DD1EC}.Release|Any CPU.Build.0 = Release|Any CPU
		{1DCEFFC3-0FC5-4D05-8EAC-5F2FCAA7E9D6}.Debug|Any CPU.ActiveCfg = Debug|Any CPU
		{1DCEFFC3-0FC5-4D05-8EAC-5F2FCAA7E9D6}.Debug|Any CPU.Build.0 = Debug|Any CPU
		{1DCEFFC3-0FC5-4D05-8EAC-5F2FCAA7E9D6}.Release|Any CPU.ActiveCfg = Release|Any CPU
		{1DCEFFC3-0FC5-4D05-8EAC-5F2FCAA7E9D6}.Release|Any CPU.Build.0 = Release|Any CPU
		{C10A9A36-131B-4705-AFB5-228A847D420E}.Debug|Any CPU.ActiveCfg = Debug|Any CPU
		{C10A9A36-131B-4705-AFB5-228A847D420E}.Debug|Any CPU.Build.0 = Debug|Any CPU
		{C10A9A36-131B-4705-AFB5-228A847D420E}.Release|Any CPU.ActiveCfg = Release|Any CPU
		{C10A9A36-131B-4705-AFB5-228A847D420E}.Release|Any CPU.Build.0 = Release|Any CPU
		{C00DAB5C-6CA1-48C8-8DE9-0C91DD51C784}.Debug|Any CPU.ActiveCfg = Debug|Any CPU
		{C00DAB5C-6CA1-48C8-8DE9-0C91DD51C784}.Debug|Any CPU.Build.0 = Debug|Any CPU
		{C00DAB5C-6CA1-48C8-8DE9-0C91DD51C784}.Release|Any CPU.ActiveCfg = Release|Any CPU
		{C00DAB5C-6CA1-48C8-8DE9-0C91DD51C784}.Release|Any CPU.Build.0 = Release|Any CPU
		{2B795027-AED6-4F72-996D-2B0DA49D0BF3}.Debug|Any CPU.ActiveCfg = Debug|Any CPU
		{2B795027-AED6-4F72-996D-2B0DA49D0BF3}.Debug|Any CPU.Build.0 = Debug|Any CPU
		{2B795027-AED6-4F72-996D-2B0DA49D0BF3}.Release|Any CPU.ActiveCfg = Release|Any CPU
		{2B795027-AED6-4F72-996D-2B0DA49D0BF3}.Release|Any CPU.Build.0 = Release|Any CPU
		{2FD3E233-7274-4197-BE5A-1300FB5F4CFF}.Debug|Any CPU.ActiveCfg = Debug|Any CPU
		{2FD3E233-7274-4197-BE5A-1300FB5F4CFF}.Debug|Any CPU.Build.0 = Debug|Any CPU
		{2FD3E233-7274-4197-BE5A-1300FB5F4CFF}.Release|Any CPU.ActiveCfg = Release|Any CPU
		{2FD3E233-7274-4197-BE5A-1300FB5F4CFF}.Release|Any CPU.Build.0 = Release|Any CPU
	EndGlobalSection
	GlobalSection(SolutionProperties) = preSolution
		HideSolutionNode = FALSE
	EndGlobalSection
	GlobalSection(NestedProjects) = preSolution
		{87AF7717-995D-43EA-A0F5-8302678D8BD9} = {E4B1F4BA-255E-4460-A7D2-E2E6CD8A8F6D}
		{EA1C1EB4-331A-4F6F-91C7-D5B0518DD1EC} = {9BE853EF-A484-42C2-908E-6895824D61EB}
		{1DCEFFC3-0FC5-4D05-8EAC-5F2FCAA7E9D6} = {9BE853EF-A484-42C2-908E-6895824D61EB}
		{C10A9A36-131B-4705-AFB5-228A847D420E} = {E4B1F4BA-255E-4460-A7D2-E2E6CD8A8F6D}
		{C00DAB5C-6CA1-48C8-8DE9-0C91DD51C784} = {E4B1F4BA-255E-4460-A7D2-E2E6CD8A8F6D}
		{2B795027-AED6-4F72-996D-2B0DA49D0BF3} = {E4B1F4BA-255E-4460-A7D2-E2E6CD8A8F6D}
		{2FD3E233-7274-4197-BE5A-1300FB5F4CFF} = {E4B1F4BA-255E-4460-A7D2-E2E6CD8A8F6D}
	EndGlobalSection
	GlobalSection(ExtensibilityGlobals) = postSolution
		SolutionGuid = {0F3F9CA1-632C-4898-B7F3-DA75AB5F4609}
	EndGlobalSection
EndGlobal
